
Microsoft Visual Studio Solution File, Format Version 12.00
# Visual Studio Version 16
VisualStudioVersion = 16.0.31424.327
MinimumVisualStudioVersion = 10.0.40219.1
Project("{FAE04EC0-301F-11D3-BF4B-00C04F79EFBC}") = "Day10Demos", "Day10Demos\Day10Demos.csproj", "{F3E38DAC-18FD-408D-9279-147A54DB5359}"
EndProject
Global
	GlobalSection(SolutionConfigurationPlatforms) = preSolution
		Debug|Any CPU = Debug|Any CPU
		Release|Any CPU = Release|Any CPU
	EndGlobalSection
	GlobalSection(ProjectConfigurationPlatforms) = postSolution
		{F3E38DAC-18FD-408D-9279-147A54DB5359}.Debug|Any CPU.ActiveCfg = Debug|Any CPU
		{F3E38DAC-18FD-408D-9279-147A54DB5359}.Debug|Any CPU.Build.0 = Debug|Any CPU
		{F3E38DAC-18FD-408D-9279-147A54DB5359}.Release|Any CPU.ActiveCfg = Release|Any CPU
		{F3E38DAC-18FD-408D-9279-147A54DB5359}.Release|Any CPU.Build.0 = Release|Any CPU
	EndGlobalSection
	GlobalSection(SolutionProperties) = preSolution
		HideSolutionNode = FALSE
	EndGlobalSection
	GlobalSection(ExtensibilityGlobals) = postSolution
		SolutionGuid = {513D1434-1CB3-4AE3-ADAB-E3D89DE22CA7}
	EndGlobalSection
EndGlobal
